
Microsoft Visual Studio Solution File, Format Version 12.00
# Visual Studio Version 17
VisualStudioVersion = 17.11.35312.102
MinimumVisualStudioVersion = 10.0.40219.1
Project("{FAE04EC0-301F-11D3-BF4B-00C04F79EFBC}") = "ARPA-Programming-Language", "ARPA-Programming-Language\ARPA-Programming-Language.csproj", "{7BB1EA0A-D0AE-4DE7-BCC4-8F17E2CAD0D3}"
EndProject
Project("{FAE04EC0-301F-11D3-BF4B-00C04F79EFBC}") = "ARPA.IDE", "ARPA.IDE\ARPA.IDE.csproj", "{FD98AFBA-0826-4495-9BE6-58036F737FBE}"
EndProject
Global
	GlobalSection(SolutionConfigurationPlatforms) = preSolution
		Debug|Any CPU = Debug|Any CPU
		Release|Any CPU = Release|Any CPU
	EndGlobalSection
	GlobalSection(ProjectConfigurationPlatforms) = postSolution
		{7BB1EA0A-D0AE-4DE7-BCC4-8F17E2CAD0D3}.Debug|Any CPU.ActiveCfg = Debug|Any CPU
		{7BB1EA0A-D0AE-4DE7-BCC4-8F17E2CAD0D3}.Debug|Any CPU.Build.0 = Debug|Any CPU
		{7BB1EA0A-D0AE-4DE7-BCC4-8F17E2CAD0D3}.Release|Any CPU.ActiveCfg = Release|Any CPU
		{7BB1EA0A-D0AE-4DE7-BCC4-8F17E2CAD0D3}.Release|Any CPU.Build.0 = Release|Any CPU
		{FD98AFBA-0826-4495-9BE6-58036F737FBE}.Debug|Any CPU.ActiveCfg = Debug|Any CPU
		{FD98AFBA-0826-4495-9BE6-58036F737FBE}.Debug|Any CPU.Build.0 = Debug|Any CPU
		{FD98AFBA-0826-4495-9BE6-58036F737FBE}.Release|Any CPU.ActiveCfg = Release|Any CPU
		{FD98AFBA-0826-4495-9BE6-58036F737FBE}.Release|Any CPU.Build.0 = Release|Any CPU
	EndGlobalSection
	GlobalSection(SolutionProperties) = preSolution
		HideSolutionNode = FALSE
	EndGlobalSection
	GlobalSection(ExtensibilityGlobals) = postSolution
		SolutionGuid = {FE5D4A2E-797B-472B-A1B2-5D6827CB313D}
	EndGlobalSection
EndGlobal
